
Microsoft Visual Studio Solution File, Format Version 12.00
# Visual Studio Version 16
VisualStudioVersion = 16.0.31105.61
MinimumVisualStudioVersion = 10.0.40219.1
Project("{FAE04EC0-301F-11D3-BF4B-00C04F79EFBC}") = "HCI_Projekat", "HCI_Projekat\HCI_Projekat.csproj", "{F2660CBA-F83F-47B3-92C9-B5AA4492EDBC}"
EndProject
Global
	GlobalSection(SolutionConfigurationPlatforms) = preSolution
		Debug|Any CPU = Debug|Any CPU
		Release|Any CPU = Release|Any CPU
	EndGlobalSection
	GlobalSection(ProjectConfigurationPlatforms) = postSolution
		{F2660CBA-F83F-47B3-92C9-B5AA4492EDBC}.Debug|Any CPU.ActiveCfg = Debug|Any CPU
		{F2660CBA-F83F-47B3-92C9-B5AA4492EDBC}.Debug|Any CPU.Build.0 = Debug|Any CPU
		{F2660CBA-F83F-47B3-92C9-B5AA4492EDBC}.Release|Any CPU.ActiveCfg = Release|Any CPU
		{F2660CBA-F83F-47B3-92C9-B5AA4492EDBC}.Release|Any CPU.Build.0 = Release|Any CPU
	EndGlobalSection
	GlobalSection(SolutionProperties) = preSolution
		HideSolutionNode = FALSE
	EndGlobalSection
	GlobalSection(ExtensibilityGlobals) = postSolution
		SolutionGuid = {2215D3C6-456F-41E0-9CD9-F55303F2FB01}
	EndGlobalSection
EndGlobal
